
Microsoft Visual Studio Solution File, Format Version 12.00
# Visual Studio Version 17
VisualStudioVersion = 17.11.35219.272
MinimumVisualStudioVersion = 10.0.40219.1
Project("{FAE04EC0-301F-11D3-BF4B-00C04F79EFBC}") = "Tank_Wiki_React_ASP_App.Server", "Tank_Wiki_React_ASP_App.Server\Tank_Wiki_React_ASP_App.Server.csproj", "{47DDE2D1-3984-4FA3-979D-B5B486816B8A}"
EndProject
Project("{54A90642-561A-4BB1-A94E-469ADEE60C69}") = "tank_wiki_react_asp_app.client", "tank_wiki_react_asp_app.client\tank_wiki_react_asp_app.client.esproj", "{EB004F9A-0737-4D0C-9A24-851E1B98D546}"
EndProject
Global
	GlobalSection(SolutionConfigurationPlatforms) = preSolution
		Debug|Any CPU = Debug|Any CPU
		Release|Any CPU = Release|Any CPU
	EndGlobalSection
	GlobalSection(ProjectConfigurationPlatforms) = postSolution
		{47DDE2D1-3984-4FA3-979D-B5B486816B8A}.Debug|Any CPU.ActiveCfg = Debug|Any CPU
		{47DDE2D1-3984-4FA3-979D-B5B486816B8A}.Debug|Any CPU.Build.0 = Debug|Any CPU
		{47DDE2D1-3984-4FA3-979D-B5B486816B8A}.Release|Any CPU.ActiveCfg = Release|Any CPU
		{47DDE2D1-3984-4FA3-979D-B5B486816B8A}.Release|Any CPU.Build.0 = Release|Any CPU
		{EB004F9A-0737-4D0C-9A24-851E1B98D546}.Debug|Any CPU.ActiveCfg = Debug|Any CPU
		{EB004F9A-0737-4D0C-9A24-851E1B98D546}.Debug|Any CPU.Build.0 = Debug|Any CPU
		{EB004F9A-0737-4D0C-9A24-851E1B98D546}.Debug|Any CPU.Deploy.0 = Debug|Any CPU
		{EB004F9A-0737-4D0C-9A24-851E1B98D546}.Release|Any CPU.ActiveCfg = Release|Any CPU
		{EB004F9A-0737-4D0C-9A24-851E1B98D546}.Release|Any CPU.Build.0 = Release|Any CPU
		{EB004F9A-0737-4D0C-9A24-851E1B98D546}.Release|Any CPU.Deploy.0 = Release|Any CPU
	EndGlobalSection
	GlobalSection(SolutionProperties) = preSolution
		HideSolutionNode = FALSE
	EndGlobalSection
	GlobalSection(ExtensibilityGlobals) = postSolution
		SolutionGuid = {607338C3-F729-4FF1-AAB6-547BDE70E79E}
	EndGlobalSection
EndGlobal
